RESTRICTION: == net10.0
NUGET
  remote: https://api.nuget.org/v3/index.json
    Argu (6.2.5)
      FSharp.Core (>= 6.0)
      System.Configuration.ConfigurationManager (>= 4.4)
    FSharp.Core (10.1.301)
    FSharp.Data (8.1.14)
      FSharp.Core (>= 6.0.1)
      FSharp.Data.Csv.Core (>= 8.1.14)
      FSharp.Data.Html.Core (>= 8.1.14)
      FSharp.Data.Http (>= 8.1.14)
      FSharp.Data.Json.Core (>= 8.1.14)
      FSharp.Data.Runtime.Utilities (>= 8.1.14)
      FSharp.Data.WorldBank.Core (>= 8.1.14)
      FSharp.Data.Xml.Core (>= 8.1.14)
    FSharp.Data.Csv.Core (8.1.14)
      FSharp.Core (>= 6.0.1)
      FSharp.Data.Runtime.Utilities (>= 8.1.14)
    FSharp.Data.Html.Core (8.1.14)
      FSharp.Core (>= 6.0.1)
      FSharp.Data.Csv.Core (>= 8.1.14)
      FSharp.Data.Json.Core (>= 8.1.14)
      FSharp.Data.Runtime.Utilities (>= 8.1.14)
    FSharp.Data.Http (8.1.14)
      FSharp.Core (>= 6.0.1)
    FSharp.Data.Json.Core (8.1.14)
      FSharp.Core (>= 6.0.1)
      FSharp.Data.Http (>= 8.1.14)
      FSharp.Data.Runtime.Utilities (>= 8.1.14)
    FSharp.Data.Runtime.Utilities (8.1.14)
      FSharp.Core (>= 6.0.1)
      FSharp.Data.Http (>= 8.1.14)
    FSharp.Data.WorldBank.Core (8.1.14)
      FSharp.Core (>= 6.0.1)
      FSharp.Data.Http (>= 8.1.14)
      FSharp.Data.Json.Core (>= 8.1.14)
      FSharp.Data.Runtime.Utilities (>= 8.1.14)
    FSharp.Data.Xml.Core (8.1.14)
      FSharp.Core (>= 6.0.1)
      FSharp.Data.Http (>= 8.1.14)
      FSharp.Data.Json.Core (>= 8.1.14)
      FSharp.Data.Runtime.Utilities (>= 8.1.14)
    FSharp.SystemTextJson (1.4.36)
      FSharp.Core (>= 4.7)
      System.Text.Json (>= 6.0.10)
    SwaggerProvider (4.1)
      FSharp.Core (>= 10.1.300)
      FSharp.SystemTextJson (>= 1.4.36)
    System.Configuration.ConfigurationManager (10.0.9)
      System.Diagnostics.EventLog (>= 10.0.9)
      System.Security.Cryptography.ProtectedData (>= 10.0.9)
    System.Diagnostics.EventLog (10.0.9)
    System.Security.Cryptography.ProtectedData (10.0.9)
    System.Text.Json (10.0.9)
GITHUB
  remote: CaptnCodr/FSharpExtensions
    ResourceExtension.fs (69d59606ebf56406174e10ad121c979d4c469f75)